// !$*UTF8*$!
{
	archiveVersion = 1;
	classes = {
	};
	objectVersion = 46;
	objects = {

/* Begin PBXBuildFile section */
		4BF88B091BDEE55300D4C569 /* AppDelegate.swift in Sources */ = {isa = PBXBuildFile; fileRef = 4BF88B081BDEE55300D4C569 /* AppDelegate.swift */; };
		4BF88B0B1BDEE55300D4C569 /* ViewController.swift in Sources */ = {isa = PBXBuildFile; fileRef = 4BF88B0A1BDEE55300D4C569 /* ViewController.swift */; };
		4BF88B0E1BDEE55300D4C569 /* Main.storyboard in Resources */ = {isa = PBXBuildFile; fileRef = 4BF88B0C1BDEE55300D4C569 /* Main.storyboard */; };
		4BF88B101BDEE55300D4C569 /* Assets.xcassets in Resources */ = {isa = PBXBuildFile; fileRef = 4BF88B0F1BDEE55300D4C569 /* Assets.xcassets */; };
		4BF88B131BDEE55300D4C569 /* LaunchScreen.storyboard in Resources */ = {isa = PBXBuildFile; fileRef = 4BF88B111BDEE55300D4C569 /* LaunchScreen.storyboard */; };
		4BF88B1E1BDEE55300D4C569 /* Dropbox_demoTests.swift in Sources */ = {isa = PBXBuildFile; fileRef = 4BF88B1D1BDEE55300D4C569 /* Dropbox_demoTests.swift */; };
		4BF88B291BDEE55300D4C569 /* Dropbox_demoUITests.swift in Sources */ = {isa = PBXBuildFile; fileRef = 4BF88B281BDEE55300D4C569 /* Dropbox_demoUITests.swift */; };
		4BF88B371BDEF08C00D4C569 /* Welcome1ViewController.swift in Sources */ = {isa = PBXBuildFile; fileRef = 4BF88B361BDEF08C00D4C569 /* Welcome1ViewController.swift */; settings = {ASSET_TAGS = (); }; };
		4BF88B3A1BDF311800D4C569 /* CreateAccountRootViewController.swift in Sources */ = {isa = PBXBuildFile; fileRef = 4BF88B391BDF311800D4C569 /* CreateAccountRootViewController.swift */; settings = {ASSET_TAGS = (); }; };
		4BF88B3C1BDF34EF00D4C569 /* SignInRootViewController.swift in Sources */ = {isa = PBXBuildFile; fileRef = 4BF88B3B1BDF34EF00D4C569 /* SignInRootViewController.swift */; settings = {ASSET_TAGS = (); }; };
		4BF88B401BDF3D7500D4C569 /* SettingViewController.swift in Sources */ = {isa = PBXBuildFile; fileRef = 4BF88B3F1BDF3D7500D4C569 /* SettingViewController.swift */; settings = {ASSET_TAGS = (); }; };
/* End PBXBuildFile section */

/* Begin PBXContainerItemProxy section */
		4BF88B1A1BDEE55300D4C569 /* PBXContainerItemProxy */ = {
			isa = PBXContainerItemProxy;
			containerPortal = 4BF88AFD1BDEE55300D4C569 /* Project object */;
			proxyType = 1;
			remoteGlobalIDString = 4BF88B041BDEE55300D4C569;
			remoteInfo = "Dropbox-demo";
		};
		4BF88B251BDEE55300D4C569 /* PBXContainerItemProxy */ = {
			isa = PBXContainerItemProxy;
			containerPortal = 4BF88AFD1BDEE55300D4C569 /* Project object */;
			proxyType = 1;
			remoteGlobalIDString = 4BF88B041BDEE55300D4C569;
			remoteInfo = "Dropbox-demo";
		};
/* End PBXContainerItemProxy section */

/* Begin PBXFileReference section */
		4BF88B051BDEE55300D4C569 /* Dropbox-demo.app */ = {isa = PBXFileReference; explicitFileType = wrapper.application; includeInIndex = 0; path = "Dropbox-demo.app"; sourceTree = BUILT_PRODUCTS_DIR; };
		4BF88B081BDEE55300D4C569 /* AppDelegate.swift */ = {isa = PBXFileReference; lastKnownFileType = sourcecode.swift; path = AppDelegate.swift; sourceTree = "<group>"; };
		4BF88B0A1BDEE55300D4C569 /* ViewController.swift */ = {isa = PBXFileReference; lastKnownFileType = sourcecode.swift; path = ViewController.swift; sourceTree = "<group>"; };
		4BF88B0D1BDEE55300D4C569 /* Base */ = {isa = PBXFileReference; lastKnownFileType = file.storyboard; name = Base; path = Base.lproj/Main.storyboard; sourceTree = "<group>"; };
		4BF88B0F1BDEE55300D4C569 /* Assets.xcassets */ = {isa = PBXFileReference; lastKnownFileType = folder.assetcatalog; path = Assets.xcassets; sourceTree = "<group>"; };
		4BF88B121BDEE55300D4C569 /* Base */ = {isa = PBXFileReference; lastKnownFileType = file.storyboard; name = Base; path = Base.lproj/LaunchScreen.storyboard; sourceTree = "<group>"; };
		4BF88B141BDEE55300D4C569 /* Info.plist */ = {isa = PBXFileReference; lastKnownFileType = text.plist.xml; path = Info.plist; sourceTree = "<group>"; };
		4BF88B191BDEE55300D4C569 /* Dropbox-demoTests.xctest */ = {isa = PBXFileReference; explicitFileType = wrapper.cfbundle; includeInIndex = 0; path = "Dropbox-demoTests.xctest"; sourceTree = BUILT_PRODUCTS_DIR; };
		4BF88B1D1BDEE55300D4C569 /* Dropbox_demoTests.swift */ = {isa = PBXFileReference; lastKnownFileType = sourcecode.swift; path = Dropbox_demoTests.swift; sourceTree = "<group>"; };
		4BF88B1F1BDEE55300D4C569 /* Info.plist */ = {isa = PBXFileReference; lastKnownFileType = text.plist.xml; path = Info.plist; sourceTree = "<group>"; };
		4BF88B241BDEE55300D4C569 /* Dropbox-demoUITests.xctest */ = {isa = PBXFileReference; explicitFileType = wrapper.cfbundle; includeInIndex = 0; path = "Dropbox-demoUITests.xctest"; sourceTree = BUILT_PRODUCTS_DIR; };
		4BF88B281BDEE55300D4C569 /* Dropbox_demoUITests.swift */ = {isa = PBXFileReference; lastKnownFileType = sourcecode.swift; path = Dropbox_demoUITests.swift; sourceTree = "<group>"; };
		4BF88B2A1BDEE55300D4C569 /* Info.plist */ = {isa = PBXFileReference; lastKnownFileType = text.plist.xml; path = Info.plist; sourceTree = "<group>"; };
		4BF88B361BDEF08C00D4C569 /* Welcome1ViewController.swift */ = {isa = PBXFileReference; fileEncoding = 4; lastKnownFileType = sourcecode.swift; path = Welcome1ViewController.swift; sourceTree = "<group>"; };
		4BF88B391BDF311800D4C569 /* CreateAccountRootViewController.swift */ = {isa = PBXFileReference; fileEncoding = 4; lastKnownFileType = sourcecode.swift; path = CreateAccountRootViewController.swift; sourceTree = "<group>"; };
		4BF88B3B1BDF34EF00D4C569 /* SignInRootViewController.swift */ = {isa = PBXFileReference; fileEncoding = 4; lastKnownFileType = sourcecode.swift; path = SignInRootViewController.swift; sourceTree = "<group>"; };
		4BF88B3F1BDF3D7500D4C569 /* SettingViewController.swift */ = {isa = PBXFileReference; fileEncoding = 4; lastKnownFileType = sourcecode.swift; path = SettingViewController.swift; sourceTree = "<group>"; };
/* End PBXFileReference section */

/* Begin PBXFrameworksBuildPhase section */
		4BF88B021BDEE55300D4C569 /* Frameworks */ = {
			isa = PBXFrameworksBuildPhase;
			buildActionMask = 2147483647;
			files = (
			);
			runOnlyForDeploymentPostprocessing = 0;
		};
		4BF88B161BDEE55300D4C569 /* Frameworks */ = {
			isa = PBXFrameworksBuildPhase;
			buildActionMask = 2147483647;
			files = (
			);
			runOnlyForDeploymentPostprocessing = 0;
		};
		4BF88B211BDEE55300D4C569 /* Frameworks */ = {
			isa = PBXFrameworksBuildPhase;
			buildActionMask = 2147483647;
			files = (
			);
			runOnlyForDeploymentPostprocessing = 0;
		};
/* End PBXFrameworksBuildPhase section */

/* Begin PBXGroup section */
		4BF88AFC1BDEE55300D4C569 = {
			isa = PBXGroup;
			children = (
				4BF88B071BDEE55300D4C569 /* Dropbox-demo */,
				4BF88B1C1BDEE55300D4C569 /* Dropbox-demoTests */,
				4BF88B271BDEE55300D4C569 /* Dropbox-demoUITests */,
				4BF88B061BDEE55300D4C569 /* Products */,
			);
			sourceTree = "<group>";
		};
		4BF88B061BDEE55300D4C569 /* Products */ = {
			isa = PBXGroup;
			children = (
				4BF88B051BDEE55300D4C569 /* Dropbox-demo.app */,
				4BF88B191BDEE55300D4C569 /* Dropbox-demoTests.xctest */,
				4BF88B241BDEE55300D4C569 /* Dropbox-demoUITests.xctest */,
			);
			name = Products;
			sourceTree = "<group>";
		};
		4BF88B071BDEE55300D4C569 /* Dropbox-demo */ = {
			isa = PBXGroup;
			children = (
				4BF88B081BDEE55300D4C569 /* AppDelegate.swift */,
				4BF88B0A1BDEE55300D4C569 /* ViewController.swift */,
				4BF88B0C1BDEE55300D4C569 /* Main.storyboard */,
				4BF88B3F1BDF3D7500D4C569 /* SettingViewController.swift */,
				4BF88B381BDEF0B800D4C569 /* ViewControllers */,
				4BF88B0F1BDEE55300D4C569 /* Assets.xcassets */,
				4BF88B111BDEE55300D4C569 /* LaunchScreen.storyboard */,
				4BF88B141BDEE55300D4C569 /* Info.plist */,
			);
			path = "Dropbox-demo";
			sourceTree = "<group>";
		};
		4BF88B1C1BDEE55300D4C569 /* Dropbox-demoTests */ = {
			isa = PBXGroup;
			children = (
				4BF88B1D1BDEE55300D4C569 /* Dropbox_demoTests.swift */,
				4BF88B1F1BDEE55300D4C569 /* Info.plist */,
			);
			path = "Dropbox-demoTests";
			sourceTree = "<group>";
		};
		4BF88B271BDEE55300D4C569 /* Dropbox-demoUITests */ = {
			isa = PBXGroup;
			children = (
				4BF88B281BDEE55300D4C569 /* Dropbox_demoUITests.swift */,
				4BF88B2A1BDEE55300D4C569 /* Info.plist */,
			);
			path = "Dropbox-demoUITests";
			sourceTree = "<group>";
		};
		4BF88B381BDEF0B800D4C569 /* ViewControllers */ = {
			isa = PBXGroup;
			children = (
				4BF88B361BDEF08C00D4C569 /* Welcome1ViewController.swift */,
				4BF88B391BDF311800D4C569 /* CreateAccountRootViewController.swift */,
				4BF88B3B1BDF34EF00D4C569 /* SignInRootViewController.swift */,
			);
			name = ViewControllers;
			sourceTree = "<group>";
		};
/* End PBXGroup section */

/* Begin PBXNativeTarget section */
		4BF88B041BDEE55300D4C569 /* Dropbox-demo */ = {
			isa = PBXNativeTarget;
			buildConfigurationList = 4BF88B2D1BDEE55300D4C569 /* Build configuration list for PBXNativeTarget "Dropbox-demo" */;
			buildPhases = (
				4BF88B011BDEE55300D4C569 /* Sources */,
				4BF88B021BDEE55300D4C569 /* Frameworks */,
				4BF88B031BDEE55300D4C569 /* Resources */,
			);
			buildRules = (
			);
			dependencies = (
			);
			name = "Dropbox-demo";
			productName = "Dropbox-demo";
			productReference = 4BF88B051BDEE55300D4C569 /* Dropbox-demo.app */;
			productType = "com.apple.product-type.application";
		};
		4BF88B181BDEE55300D4C569 /* Dropbox-demoTests */ = {
			isa = PBXNativeTarget;
			buildConfigurationList = 4BF88B301BDEE55300D4C569 /* Build configuration list for PBXNativeTarget "Dropbox-demoTests" */;
			buildPhases = (
				4BF88B151BDEE55300D4C569 /* Sources */,
				4BF88B161BDEE55300D4C569 /* Frameworks */,
				4BF88B171BDEE55300D4C569 /* Resources */,
			);
			buildRules = (
			);
			dependencies = (
				4BF88B1B1BDEE55300D4C569 /* PBXTargetDependency */,
			);
			name = "Dropbox-demoTests";
			productName = "Dropbox-demoTests";
			productReference = 4BF88B191BDEE55300D4C569 /* Dropbox-demoTests.xctest */;
			productType = "com.apple.product-type.bundle.unit-test";
		};
		4BF88B231BDEE55300D4C569 /* Dropbox-demoUITests */ = {
			isa = PBXNativeTarget;
			buildConfigurationList = 4BF88B331BDEE55300D4C569 /* Build configuration list for PBXNativeTarget "Dropbox-demoUITests" */;
			buildPhases = (
				4BF88B201BDEE55300D4C569 /* Sources */,
				4BF88B211BDEE55300D4C569 /* Frameworks */,
				4BF88B221BDEE55300D4C569 /* Resources */,
			);
			buildRules = (
			);
			dependencies = (
				4BF88B261BDEE55300D4C569 /* PBXTargetDependency */,
			);
			name = "Dropbox-demoUITests";
			productName = "Dropbox-demoUITests";
			productReference = 4BF88B241BDEE55300D4C569 /* Dropbox-demoUITests.xctest */;
			productType = "com.apple.product-type.bundle.ui-testing";
		};
/* End PBXNativeTarget section */

/* Begin PBXProject section */
		4BF88AFD1BDEE55300D4C569 /* Project object */ = {
			isa = PBXProject;
			attributes = {
				LastUpgradeCheck = 0700;
				ORGANIZATIONNAME = "Helen Zhou";
				TargetAttributes = {
					4BF88B041BDEE55300D4C569 = {
						CreatedOnToolsVersion = 7.0.1;
						DevelopmentTeam = YV6U7CQG2K;
					};
					4BF88B181BDEE55300D4C569 = {
						CreatedOnToolsVersion = 7.0.1;
						DevelopmentTeam = YV6U7CQG2K;
						TestTargetID = 4BF88B041BDEE55300D4C569;
					};
					4BF88B231BDEE55300D4C569 = {
						CreatedOnToolsVersion = 7.0.1;
						DevelopmentTeam = YV6U7CQG2K;
						TestTargetID = 4BF88B041BDEE55300D4C569;
					};
				};
			};
			buildConfigurationList = 4BF88B001BDEE55300D4C569 /* Build configuration list for PBXProject "Dropbox-demo" */;
			compatibilityVersion = "Xcode 3.2";
			developmentRegion = English;
			hasScannedForEncodings = 0;
			knownRegions = (
				en,
				Base,
			);
			mainGroup = 4BF88AFC1BDEE55300D4C569;
			productRefGroup = 4BF88B061BDEE55300D4C569 /* Products */;
			projectDirPath = "";
			projectRoot = "";
			targets = (
				4BF88B041BDEE55300D4C569 /* Dropbox-demo */,
				4BF88B181BDEE55300D4C569 /* Dropbox-demoTests */,
				4BF88B231BDEE55300D4C569 /* Dropbox-demoUITests */,
			);
		};
/* End PBXProject section */

/* Begin PBXResourcesBuildPhase section */
		4BF88B031BDEE55300D4C569 /* Resources */ = {
			isa = PBXResourcesBuildPhase;
			buildActionMask = 2147483647;
			files = (
				4BF88B131BDEE55300D4C569 /* LaunchScreen.storyboard in Resources */,
				4BF88B101BDEE55300D4C569 /* Assets.xcassets in Resources */,
				4BF88B0E1BDEE55300D4C569 /* Main.storyboard in Resources */,
			);
			runOnlyForDeploymentPostprocessing = 0;
		};
		4BF88B171BDEE55300D4C569 /* Resources */ = {
			isa = PBXResourcesBuildPhase;
			buildActionMask = 2147483647;
			files = (
			);
			runOnlyForDeploymentPostprocessing = 0;
		};
		4BF88B221BDEE55300D4C569 /* Resources */ = {
			isa = PBXResourcesBuildPhase;
			buildActionMask = 2147483647;
			files = (
			);
			runOnlyForDeploymentPostprocessing = 0;
		};
/* End PBXResourcesBuildPhase section */

/* Begin PBXSourcesBuildPhase section */
		4BF88B011BDEE55300D4C569 /* Sources */ = {
			isa = PBXSourcesBuildPhase;
			buildActionMask = 2147483647;
			files = (
				4BF88B3C1BDF34EF00D4C569 /* SignInRootViewController.swift in Sources */,
				4BF88B3A1BDF311800D4C569 /* CreateAccountRootViewController.swift in Sources */,
				4BF88B0B1BDEE55300D4C569 /* ViewController.swift in Sources */,
				4BF88B371BDEF08C00D4C569 /* Welcome1ViewController.swift in Sources */,
				4BF88B401BDF3D7500D4C569 /* SettingViewController.swift in Sources */,
				4BF88B091BDEE55300D4C569 /* AppDelegate.swift in Sources */,
			);
			runOnlyForDeploymentPostprocessing = 0;
		};
		4BF88B151BDEE55300D4C569 /* Sources */ = {
			isa = PBXSourcesBuildPhase;
			buildActionMask = 2147483647;
			files = (
				4BF88B1E1BDEE55300D4C569 /* Dropbox_demoTests.swift in Sources */,
			);
			runOnlyForDeploymentPostprocessing = 0;
		};
		4BF88B201BDEE55300D4C569 /* Sources */ = {
			isa = PBXSourcesBuildPhase;
			buildActionMask = 2147483647;
			files = (
				4BF88B291BDEE55300D4C569 /* Dropbox_demoUITests.swift in Sources */,
			);
			runOnlyForDeploymentPostprocessing = 0;
		};
/* End PBXSourcesBuildPhase section */

/* Begin PBXTargetDependency section */
		4BF88B1B1BDEE55300D4C569 /* PBXTargetDependency */ = {
			isa = PBXTargetDependency;
			target = 4BF88B041BDEE55300D4C569 /* Dropbox-demo */;
			targetProxy = 4BF88B1A1BDEE55300D4C569 /* PBXContainerItemProxy */;
		};
		4BF88B261BDEE55300D4C569 /* PBXTargetDependency */ = {
			isa = PBXTargetDependency;
			target = 4BF88B041BDEE55300D4C569 /* Dropbox-demo */;
			targetProxy = 4BF88B251BDEE55300D4C569 /* PBXContainerItemProxy */;
		};
/* End PBXTargetDependency section */

/* Begin PBXVariantGroup section */
		4BF88B0C1BDEE55300D4C569 /* Main.storyboard */ = {
			isa = PBXVariantGroup;
			children = (
				4BF88B0D1BDEE55300D4C569 /* Base */,
			);
			name = Main.storyboard;
			sourceTree = "<group>";
		};
		4BF88B111BDEE55300D4C569 /* LaunchScreen.storyboard */ = {
			isa = PBXVariantGroup;
			children = (
				4BF88B121BDEE55300D4C569 /* Base */,
			);
			name = LaunchScreen.storyboard;
			sourceTree = "<group>";
		};
/* End PBXVariantGroup section */

/* Begin XCBuildConfiguration section */
		4BF88B2B1BDEE55300D4C569 /* Debug */ = {
			isa = XCBuildConfiguration;
			buildSettings = {
				ALWAYS_SEARCH_USER_PATHS = NO;
				CLANG_CXX_LANGUAGE_STANDARD = "gnu++0x";
				CLANG_CXX_LIBRARY = "libc++";
				CLANG_ENABLE_MODULES = YES;
				CLANG_ENABLE_OBJC_ARC = YES;
				CLANG_WARN_BOOL_CONVERSION = YES;
				CLANG_WARN_CONSTANT_CONVERSION = YES;
				CLANG_WARN_DIRECT_OBJC_ISA_USAGE = YES_ERROR;
				CLANG_WARN_EMPTY_BODY = YES;
				CLANG_WARN_ENUM_CONVERSION = YES;
				CLANG_WARN_INT_CONVERSION = YES;
				CLANG_WARN_OBJC_ROOT_CLASS = YES_ERROR;
				CLANG_WARN_UNREACHABLE_CODE = YES;
				CLANG_WARN__DUPLICATE_METHOD_MATCH = YES;
				"CODE_SIGN_IDENTITY[sdk=iphoneos*]" = "iPhone Developer";
				COPY_PHASE_STRIP = NO;
				DEBUG_INFORMATION_FORMAT = dwarf;
				ENABLE_STRICT_OBJC_MSGSEND = YES;
				ENABLE_TESTABILITY = YES;
				GCC_C_LANGUAGE_STANDARD = gnu99;
				GCC_DYNAMIC_NO_PIC = NO;
				GCC_NO_COMMON_BLOCKS = YES;
				GCC_OPTIMIZATION_LEVEL = 0;
				GCC_PREPROCESSOR_DEFINITIONS = (
					"DEBUG=1",
					"$(inherited)",
				);
				GCC_WARN_64_TO_32_BIT_CONVERSION = YES;
				GCC_WARN_ABOUT_RETURN_TYPE = YES_ERROR;
				GCC_WARN_UNDECLARED_SELECTOR = YES;
				GCC_WARN_UNINITIALIZED_AUTOS = YES_AGGRESSIVE;
				GCC_WARN_UNUSED_FUNCTION = YES;
				GCC_WARN_UNUSED_VARIABLE = YES;
				IPHONEOS_DEPLOYMENT_TARGET = 9.0;
				MTL_ENABLE_DEBUG_INFO = YES;
				ONLY_ACTIVE_ARCH = YES;
				SDKROOT = iphoneos;
				SWIFT_OPTIMIZATION_LEVEL = "-Onone";
			};
			name = Debug;
		};
		4BF88B2C1BDEE55300D4C569 /* Release */ = {
			isa = XCBuildConfiguration;
			buildSettings = {
				ALWAYS_SEARCH_USER_PATHS = NO;
				CLANG_CXX_LANGUAGE_STANDARD = "gnu++0x";
				CLANG_CXX_LIBRARY = "libc++";
				CLANG_ENABLE_MODULES = YES;
				CLANG_ENABLE_OBJC_ARC = YES;
				CLANG_WARN_BOOL_CONVERSION = YES;
				CLANG_WARN_CONSTANT_CONVERSION = YES;
				CLANG_WARN_DIRECT_OBJC_ISA_USAGE = YES_ERROR;
				CLANG_WARN_EMPTY_BODY = YES;
				CLANG_WARN_ENUM_CONVERSION = YES;
				CLANG_WARN_INT_CONVERSION = YES;
				CLANG_WARN_OBJC_ROOT_CLASS = YES_ERROR;
				CLANG_WARN_UNREACHABLE_CODE = YES;
				CLANG_WARN__DUPLICATE_METHOD_MATCH = YES;
				"CODE_SIGN_IDENTITY[sdk=iphoneos*]" = "iPhone Developer";
				COPY_PHASE_STRIP = NO;
				DEBUG_INFORMATION_FORMAT = "dwarf-with-dsym";
				ENABLE_NS_ASSERTIONS = NO;
				ENABLE_STRICT_OBJC_MSGSEND = YES;
				GCC_C_LANGUAGE_STANDARD = gnu99;
				GCC_NO_COMMON_BLOCKS = YES;
				GCC_WARN_64_TO_32_BIT_CONVERSION = YES;
				GCC_WARN_ABOUT_RETURN_TYPE = YES_ERROR;
				GCC_WARN_UNDECLARED_SELECTOR = YES;
				GCC_WARN_UNINITIALIZED_AUTOS = YES_AGGRESSIVE;
				GCC_WARN_UNUSED_FUNCTION = YES;
				GCC_WARN_UNUSED_VARIABLE = YES;
				IPHONEOS_DEPLOYMENT_TARGET = 9.0;
				MTL_ENABLE_DEBUG_INFO = NO;
				SDKROOT = iphoneos;
				VALIDATE_PRODUCT = YES;
			};
			name = Release;
		};
		4BF88B2E1BDEE55300D4C569 /* Debug */ = {
			isa = XCBuildConfiguration;
			buildSettings = {
				ASSETCATALOG_COMPILER_APPICON_NAME = AppIcon;
				INFOPLIST_FILE = "Dropbox-demo/Info.plist";
				LD_RUNPATH_SEARCH_PATHS = "$(inherited) @executable_path/Frameworks";
				PRODUCT_BUNDLE_IDENTIFIER = "Helen-Zhou.Dropbox-demo";
				PRODUCT_NAME = "$(TARGET_NAME)";
			};
			name = Debug;
		};
		4BF88B2F1BDEE55300D4C569 /* Release */ = {
			isa = XCBuildConfiguration;
			buildSettings = {
				ASSETCATALOG_COMPILER_APPICON_NAME = AppIcon;
				INFOPLIST_FILE = "Dropbox-demo/Info.plist";
				LD_RUNPATH_SEARCH_PATHS = "$(inherited) @executable_path/Frameworks";
				PRODUCT_BUNDLE_IDENTIFIER = "Helen-Zhou.Dropbox-demo";
				PRODUCT_NAME = "$(TARGET_NAME)";
			};
			name = Release;
		};
		4BF88B311BDEE55300D4C569 /* Debug */ = {
			isa = XCBuildConfiguration;
			buildSettings = {
				BUNDLE_LOADER = "$(TEST_HOST)";
				INFOPLIST_FILE = "Dropbox-demoTests/Info.plist";
				LD_RUNPATH_SEARCH_PATHS = "$(inherited) @executable_path/Frameworks @loader_path/Frameworks";
				PRODUCT_BUNDLE_IDENTIFIER = "Helen-Zhou.Dropbox-demoTests";
				PRODUCT_NAME = "$(TARGET_NAME)";
				TEST_HOST = "$(BUILT_PRODUCTS_DIR)/Dropbox-demo.app/Dropbox-demo";
			};
			name = Debug;
		};
		4BF88B321BDEE55300D4C569 /* Release */ = {
			isa = XCBuildConfiguration;
			buildSettings = {
				BUNDLE_LOADER = "$(TEST_HOST)";
				INFOPLIST_FILE = "Dropbox-demoTests/Info.plist";
				LD_RUNPATH_SEARCH_PATHS = "$(inherited) @executable_path/Frameworks @loader_path/Frameworks";
				PRODUCT_BUNDLE_IDENTIFIER = "Helen-Zhou.Dropbox-demoTests";
				PRODUCT_NAME = "$(TARGET_NAME)";
				TEST_HOST = "$(BUILT_PRODUCTS_DIR)/Dropbox-demo.app/Dropbox-demo";
			};
			name = Release;
		};
		4BF88B341BDEE55300D4C569 /* Debug */ = {
			isa = XCBuildConfiguration;
			buildSettings = {
				INFOPLIST_FILE = "Dropbox-demoUITests/Info.plist";
				LD_RUNPATH_SEARCH_PATHS = "$(inherited) @executable_path/Frameworks @loader_path/Frameworks";
				PRODUCT_BUNDLE_IDENTIFIER = "Helen-Zhou.Dropbox-demoUITests";
				PRODUCT_NAME = "$(TARGET_NAME)";
				TEST_TARGET_NAME = "Dropbox-demo";
				USES_XCTRUNNER = YES;
			};
			name = Debug;
		};
		4BF88B351BDEE55300D4C569 /* Release */ = {
			isa = XCBuildConfiguration;
			buildSettings = {
				INFOPLIST_FILE = "Dropbox-demoUITests/Info.plist";
				LD_RUNPATH_SEARCH_PATHS = "$(inherited) @executable_path/Frameworks @loader_path/Frameworks";
				PRODUCT_BUNDLE_IDENTIFIER = "Helen-Zhou.Dropbox-demoUITests";
				PRODUCT_NAME = "$(TARGET_NAME)";
				TEST_TARGET_NAME = "Dropbox-demo";
				USES_XCTRUNNER = YES;
			};
			name = Release;
		};
/* End XCBuildConfiguration section */

/* Begin XCConfigurationList section */
		4BF88B001BDEE55300D4C569 /* Build configuration list for PBXProject "Dropbox-demo" */ = {
			isa = XCConfigurationList;
			buildConfigurations = (
				4BF88B2B1BDEE55300D4C569 /* Debug */,
				4BF88B2C1BDEE55300D4C569 /* Release */,
			);
			defaultConfigurationIsVisible = 0;
			defaultConfigurationName = Release;
		};
		4BF88B2D1BDEE55300D4C569 /* Build configuration list for PBXNativeTarget "Dropbox-demo" */ = {
			isa = XCConfigurationList;
			buildConfigurations = (
				4BF88B2E1BDEE55300D4C569 /* Debug */,
				4BF88B2F1BDEE55300D4C569 /* Release */,
			);
			defaultConfigurationIsVisible = 0;
		};
		4BF88B301BDEE55300D4C569 /* Build configuration list for PBXNativeTarget "Dropbox-demoTests" */ = {
			isa = XCConfigurationList;
			buildConfigurations = (
				4BF88B311BDEE55300D4C569 /* Debug */,
				4BF88B321BDEE55300D4C569 /* Release */,
			);
			defaultConfigurationIsVisible = 0;
		};
		4BF88B331BDEE55300D4C569 /* Build configuration list for PBXNativeTarget "Dropbox-demoUITests" */ = {
			isa = XCConfigurationList;
			buildConfigurations = (
				4BF88B341BDEE55300D4C569 /* Debug */,
				4BF88B351BDEE55300D4C569 /* Release */,
			);
			defaultConfigurationIsVisible = 0;
		};
/* End XCConfigurationList section */
	};
	rootObject = 4BF88AFD1BDEE55300D4C569 /* Project object */;
}
